# This file is automatically @generated by Wally.
# It is not intended for manual editing.
registry = "test"

[[package]]
name = "boatbomber/editableimageblur"
version = "0.1.0"
dependencies = []

[[package]]
name = "boatbomber/glassmorphicui"
version = "0.1.0"
dependencies = [["EditableImageBlur", "boatbomber/editableimageblur@0.1.0"], ["PixelColorApproximation", "boatbomber/pixelcolorapproximation@0.1.1"]]

[[package]]
name = "boatbomber/pixelcolorapproximation"
version = "0.1.1"
dependencies = []
