# This file is automatically @generated by Wally.
# It is not intended for manual editing.
registry = "test"

[[package]]
name = "boatbomber/editableimageblur"
version = "0.3.1"
dependencies = []

[[package]]
name = "boatbomber/glassmorphicui"
version = "0.5.0"
dependencies = [["EditableImageBlur", "boatbomber/editableimageblur@0.3.1"], ["PixelColorApproximation", "boatbomber/pixelcolorapproximation@0.2.1"]]

[[package]]
name = "boatbomber/pixelcolorapproximation"
version = "0.2.1"
dependencies = []
